
Microsoft Visual Studio Solution File, Format Version 12.00
# Visual Studio Version 17
VisualStudioVersion = 17.11.35312.102
MinimumVisualStudioVersion = 10.0.40219.1
Project("{FAE04EC0-301F-11D3-BF4B-00C04F79EFBC}") = "Task_Sauce", "Task_Sauce.csproj", "{370C7860-9F60-4577-839E-BDB29733A84E}"
EndProject
Global
	GlobalSection(SolutionConfigurationPlatforms) = preSolution
		Debug|Any CPU = Debug|Any CPU
		Release|Any CPU = Release|Any CPU
	EndGlobalSection
	GlobalSection(ProjectConfigurationPlatforms) = postSolution
		{370C7860-9F60-4577-839E-BDB29733A84E}.Debug|Any CPU.ActiveCfg = Debug|Any CPU
		{370C7860-9F60-4577-839E-BDB29733A84E}.Debug|Any CPU.Build.0 = Debug|Any CPU
		{370C7860-9F60-4577-839E-BDB29733A84E}.Release|Any CPU.ActiveCfg = Release|Any CPU
		{370C7860-9F60-4577-839E-BDB29733A84E}.Release|Any CPU.Build.0 = Release|Any CPU
	EndGlobalSection
	GlobalSection(SolutionProperties) = preSolution
		HideSolutionNode = FALSE
	EndGlobalSection
	GlobalSection(ExtensibilityGlobals) = postSolution
		SolutionGuid = {455B369F-E444-41F2-9ECE-1297232BD4AF}
	EndGlobalSection
EndGlobal
